// !$*UTF8*$!
{
	archiveVersion = 1;
	classes = {
	};
	objectVersion = 77;
	objects = {

/* Begin PBXBuildFile section */
		3D44CCAC2EB048D300D5BA4B /* FirebaseAuth in Frameworks */ = {isa = PBXBuildFile; productRef = 3D44CCAB2EB048D300D5BA4B /* FirebaseAuth */; };
		3D44CCAE2EB048D300D5BA4B /* FirebaseDatabase in Frameworks */ = {isa = PBXBuildFile; productRef = 3D44CCAD2EB048D300D5BA4B /* FirebaseDatabase */; };
		3D44CCB02EB048D300D5BA4B /* FirebaseFirestore in Frameworks */ = {isa = PBXBuildFile; productRef = 3D44CCAF2EB048D300D5BA4B /* FirebaseFirestore */; };
		3D44CCB22EB048D300D5BA4B /* FirebaseStorage in Frameworks */ = {isa = PBXBuildFile; productRef = 3D44CCB12EB048D300D5BA4B /* FirebaseStorage */; };
/* End PBXBuildFile section */

/* Begin PBXContainerItemProxy section */
		3D44CC642EB047BA00D5BA4B /* PBXContainerItemProxy */ = {
			isa = PBXContainerItemProxy;
			containerPortal = 3D44CC492EB047B900D5BA4B /* Project object */;
			proxyType = 1;
			remoteGlobalIDString = 3D44CC502EB047B900D5BA4B;
			remoteInfo = Snap;
		};
		3D44CC6E2EB047BA00D5BA4B /* PBXContainerItemProxy */ = {
			isa = PBXContainerItemProxy;
			containerPortal = 3D44CC492EB047B900D5BA4B /* Project object */;
			proxyType = 1;
			remoteGlobalIDString = 3D44CC502EB047B900D5BA4B;
			remoteInfo = Snap;
		};
/* End PBXContainerItemProxy section */

/* Begin PBXFileReference section */
		3D44CC512EB047B900D5BA4B /* Snap.app */ = {isa = PBXFileReference; explicitFileType = wrapper.application; includeInIndex = 0; path = Snap.app; sourceTree = BUILT_PRODUCTS_DIR; };
		3D44CC632EB047BA00D5BA4B /* SnapTests.xctest */ = {isa = PBXFileReference; explicitFileType = wrapper.cfbundle; includeInIndex = 0; path = SnapTests.xctest; sourceTree = BUILT_PRODUCTS_DIR; };
		3D44CC6D2EB047BA00D5BA4B /* SnapUITests.xctest */ = {isa = PBXFileReference; explicitFileType = wrapper.cfbundle; includeInIndex = 0; path = SnapUITests.xctest; sourceTree = BUILT_PRODUCTS_DIR; };
/* End PBXFileReference section */

/* Begin PBXFileSystemSynchronizedRootGroup section */
		3D44CC532EB047B900D5BA4B /* Snap */ = {
			isa = PBXFileSystemSynchronizedRootGroup;
			path = Snap;
			sourceTree = "<group>";
		};
		3D44CC662EB047BA00D5BA4B /* SnapTests */ = {
			isa = PBXFileSystemSynchronizedRootGroup;
			path = SnapTests;
			sourceTree = "<group>";
		};
		3D44CC702EB047BA00D5BA4B /* SnapUITests */ = {
			isa = PBXFileSystemSynchronizedRootGroup;
			path = SnapUITests;
			sourceTree = "<group>";
		};
/* End PBXFileSystemSynchronizedRootGroup section */

/* Begin PBXFrameworksBuildPhase section */
		3D44CC4E2EB047B900D5BA4B /* Frameworks */ = {
			isa = PBXFrameworksBuildPhase;
			buildActionMask = 2147483647;
			files = (
				3D44CCAE2EB048D300D5BA4B /* FirebaseDatabase in Frameworks */,
				3D44CCB22EB048D300D5BA4B /* FirebaseStorage in Frameworks */,
				3D44CCAC2EB048D300D5BA4B /* FirebaseAuth in Frameworks */,
				3D44CCB02EB048D300D5BA4B /* FirebaseFirestore in Frameworks */,
			);
			runOnlyForDeploymentPostprocessing = 0;
		};
		3D44CC602EB047BA00D5BA4B /* Frameworks */ = {
			isa = PBXFrameworksBuildPhase;
			buildActionMask = 2147483647;
			files = (
			);
			runOnlyForDeploymentPostprocessing = 0;
		};
		3D44CC6A2EB047BA00D5BA4B /* Frameworks */ = {
			isa = PBXFrameworksBuildPhase;
			buildActionMask = 2147483647;
			files = (
			);
			runOnlyForDeploymentPostprocessing = 0;
		};
/* End PBXFrameworksBuildPhase section */

/* Begin PBXGroup section */
		3D44CC482EB047B900D5BA4B = {
			isa = PBXGroup;
			children = (
				3D44CC532EB047B900D5BA4B /* Snap */,
				3D44CC662EB047BA00D5BA4B /* SnapTests */,
				3D44CC702EB047BA00D5BA4B /* SnapUITests */,
				3D44CC522EB047B900D5BA4B /* Products */,
			);
			sourceTree = "<group>";
		};
		3D44CC522EB047B900D5BA4B /* Products */ = {
			isa = PBXGroup;
			children = (
				3D44CC512EB047B900D5BA4B /* Snap.app */,
				3D44CC632EB047BA00D5BA4B /* SnapTests.xctest */,
				3D44CC6D2EB047BA00D5BA4B /* SnapUITests.xctest */,
			);
			name = Products;
			sourceTree = "<group>";
		};
/* End PBXGroup section */

/* Begin PBXNativeTarget section */
		3D44CC502EB047B900D5BA4B /* Snap */ = {
			isa = PBXNativeTarget;
			buildConfigurationList = 3D44CC772EB047BA00D5BA4B /* Build configuration list for PBXNativeTarget "Snap" */;
			buildPhases = (
				3D44CC4D2EB047B900D5BA4B /* Sources */,
				3D44CC4E2EB047B900D5BA4B /* Frameworks */,
				3D44CC4F2EB047B900D5BA4B /* Resources */,
			);
			buildRules = (
			);
			dependencies = (
			);
			fileSystemSynchronizedGroups = (
				3D44CC532EB047B900D5BA4B /* Snap */,
			);
			name = Snap;
			packageProductDependencies = (
				3D44CCAB2EB048D300D5BA4B /* FirebaseAuth */,
				3D44CCAD2EB048D300D5BA4B /* FirebaseDatabase */,
				3D44CCAF2EB048D300D5BA4B /* FirebaseFirestore */,
				3D44CCB12EB048D300D5BA4B /* FirebaseStorage */,
			);
			productName = Snap;
			productReference = 3D44CC512EB047B900D5BA4B /* Snap.app */;
			productType = "com.apple.product-type.application";
		};
		3D44CC622EB047BA00D5BA4B /* SnapTests */ = {
			isa = PBXNativeTarget;
			buildConfigurationList = 3D44CC7A2EB047BA00D5BA4B /* Build configuration list for PBXNativeTarget "SnapTests" */;
			buildPhases = (
				3D44CC5F2EB047BA00D5BA4B /* Sources */,
				3D44CC602EB047BA00D5BA4B /* Frameworks */,
				3D44CC612EB047BA00D5BA4B /* Resources */,
			);
			buildRules = (
			);
			dependencies = (
				3D44CC652EB047BA00D5BA4B /* PBXTargetDependency */,
			);
			fileSystemSynchronizedGroups = (
				3D44CC662EB047BA00D5BA4B /* SnapTests */,
			);
			name = SnapTests;
			packageProductDependencies = (
			);
			productName = SnapTests;
			productReference = 3D44CC632EB047BA00D5BA4B /* SnapTests.xctest */;
			productType = "com.apple.product-type.bundle.unit-test";
		};
		3D44CC6C2EB047BA00D5BA4B /* SnapUITests */ = {
			isa = PBXNativeTarget;
			buildConfigurationList = 3D44CC7D2EB047BA00D5BA4B /* Build configuration list for PBXNativeTarget "SnapUITests" */;
			buildPhases = (
				3D44CC692EB047BA00D5BA4B /* Sources */,
				3D44CC6A2EB047BA00D5BA4B /* Frameworks */,
				3D44CC6B2EB047BA00D5BA4B /* Resources */,
			);
			buildRules = (
			);
			dependencies = (
				3D44CC6F2EB047BA00D5BA4B /* PBXTargetDependency */,
			);
			fileSystemSynchronizedGroups = (
				3D44CC702EB047BA00D5BA4B /* SnapUITests */,
			);
			name = SnapUITests;
			packageProductDependencies = (
			);
			productName = SnapUITests;
			productReference = 3D44CC6D2EB047BA00D5BA4B /* SnapUITests.xctest */;
			productType = "com.apple.product-type.bundle.ui-testing";
		};
/* End PBXNativeTarget section */

/* Begin PBXProject section */
		3D44CC492EB047B900D5BA4B /* Project object */ = {
			isa = PBXProject;
			attributes = {
				BuildIndependentTargetsInParallel = 1;
				LastSwiftUpdateCheck = 1620;
				LastUpgradeCheck = 1620;
				TargetAttributes = {
					3D44CC502EB047B900D5BA4B = {
						CreatedOnToolsVersion = 16.2;
					};
					3D44CC622EB047BA00D5BA4B = {
						CreatedOnToolsVersion = 16.2;
						TestTargetID = 3D44CC502EB047B900D5BA4B;
					};
					3D44CC6C2EB047BA00D5BA4B = {
						CreatedOnToolsVersion = 16.2;
						TestTargetID = 3D44CC502EB047B900D5BA4B;
					};
				};
			};
			buildConfigurationList = 3D44CC4C2EB047B900D5BA4B /* Build configuration list for PBXProject "Snap" */;
			developmentRegion = en;
			hasScannedForEncodings = 0;
			knownRegions = (
				en,
				Base,
			);
			mainGroup = 3D44CC482EB047B900D5BA4B;
			minimizedProjectReferenceProxies = 1;
			packageReferences = (
				3D44CCAA2EB048D300D5BA4B /* XCRemoteSwiftPackageReference "firebase-ios-sdk" */,
			);
			preferredProjectObjectVersion = 77;
			productRefGroup = 3D44CC522EB047B900D5BA4B /* Products */;
			projectDirPath = "";
			projectRoot = "";
			targets = (
				3D44CC502EB047B900D5BA4B /* Snap */,
				3D44CC622EB047BA00D5BA4B /* SnapTests */,
				3D44CC6C2EB047BA00D5BA4B /* SnapUITests */,
			);
		};
/* End PBXProject section */

/* Begin PBXResourcesBuildPhase section */
		3D44CC4F2EB047B900D5BA4B /* Resources */ = {
			isa = PBXResourcesBuildPhase;
			buildActionMask = 2147483647;
			files = (
			);
			runOnlyForDeploymentPostprocessing = 0;
		};
		3D44CC612EB047BA00D5BA4B /* Resources */ = {
			isa = PBXResourcesBuildPhase;
			buildActionMask = 2147483647;
			files = (
			);
			runOnlyForDeploymentPostprocessing = 0;
		};
		3D44CC6B2EB047BA00D5BA4B /* Resources */ = {
			isa = PBXResourcesBuildPhase;
			buildActionMask = 2147483647;
			files = (
			);
			runOnlyForDeploymentPostprocessing = 0;
		};
/* End PBXResourcesBuildPhase section */

/* Begin PBXSourcesBuildPhase section */
		3D44CC4D2EB047B900D5BA4B /* Sources */ = {
			isa = PBXSourcesBuildPhase;
			buildActionMask = 2147483647;
			files = (
			);
			runOnlyForDeploymentPostprocessing = 0;
		};
		3D44CC5F2EB047BA00D5BA4B /* Sources */ = {
			isa = PBXSourcesBuildPhase;
			buildActionMask = 2147483647;
			files = (
			);
			runOnlyForDeploymentPostprocessing = 0;
		};
		3D44CC692EB047BA00D5BA4B /* Sources */ = {
			isa = PBXSourcesBuildPhase;
			buildActionMask = 2147483647;
			files = (
			);
			runOnlyForDeploymentPostprocessing = 0;
		};
/* End PBXSourcesBuildPhase section */

/* Begin PBXTargetDependency section */
		3D44CC652EB047BA00D5BA4B /* PBXTargetDependency */ = {
			isa = PBXTargetDependency;
			target = 3D44CC502EB047B900D5BA4B /* Snap */;
			targetProxy = 3D44CC642EB047BA00D5BA4B /* PBXContainerItemProxy */;
		};
		3D44CC6F2EB047BA00D5BA4B /* PBXTargetDependency */ = {
			isa = PBXTargetDependency;
			target = 3D44CC502EB047B900D5BA4B /* Snap */;
			targetProxy = 3D44CC6E2EB047BA00D5BA4B /* PBXContainerItemProxy */;
		};
/* End PBXTargetDependency section */

/* Begin XCBuildConfiguration section */
		3D44CC752EB047BA00D5BA4B /* Debug */ = {
			isa = XCBuildConfiguration;
			buildSettings = {
				ALWAYS_SEARCH_USER_PATHS = NO;
				ASSETCATALOG_COMPILER_GENERATE_SWIFT_ASSET_SYMBOL_EXTENSIONS = YES;
				CLANG_ANALYZER_NONNULL = YES;
				CLANG_ANALYZER_NUMBER_OBJECT_CONVERSION = YES_AGGRESSIVE;
				CLANG_CXX_LANGUAGE_STANDARD = "gnu++20";
				CLANG_ENABLE_MODULES = YES;
				CLANG_ENABLE_OBJC_ARC = YES;
				CLANG_ENABLE_OBJC_WEAK = YES;
				CLANG_WARN_BLOCK_CAPTURE_AUTORELEASING = YES;
				CLANG_WARN_BOOL_CONVERSION = YES;
				CLANG_WARN_COMMA = YES;
				CLANG_WARN_CONSTANT_CONVERSION = YES;
				CLANG_WARN_DEPRECATED_OBJC_IMPLEMENTATIONS = YES;
				CLANG_WARN_DIRECT_OBJC_ISA_USAGE = YES_ERROR;
				CLANG_WARN_DOCUMENTATION_COMMENTS = YES;
				CLANG_WARN_EMPTY_BODY = YES;
				CLANG_WARN_ENUM_CONVERSION = YES;
				CLANG_WARN_INFINITE_RECURSION = YES;
				CLANG_WARN_INT_CONVERSION = YES;
				CLANG_WARN_NON_LITERAL_NULL_CONVERSION = YES;
				CLANG_WARN_OBJC_IMPLICIT_RETAIN_SELF = YES;
				CLANG_WARN_OBJC_LITERAL_CONVERSION = YES;
				CLANG_WARN_OBJC_ROOT_CLASS = YES_ERROR;
				CLANG_WARN_QUOTED_INCLUDE_IN_FRAMEWORK_HEADER = YES;
				CLANG_WARN_RANGE_LOOP_ANALYSIS = YES;
				CLANG_WARN_STRICT_PROTOTYPES = YES;
				CLANG_WARN_SUSPICIOUS_MOVE = YES;
				CLANG_WARN_UNGUARDED_AVAILABILITY = YES_AGGRESSIVE;
				CLANG_WARN_UNREACHABLE_CODE = YES;
				CLANG_WARN__DUPLICATE_METHOD_MATCH = YES;
				COPY_PHASE_STRIP = NO;
				DEBUG_INFORMATION_FORMAT = dwarf;
				ENABLE_STRICT_OBJC_MSGSEND = YES;
				ENABLE_TESTABILITY = YES;
				ENABLE_USER_SCRIPT_SANDBOXING = YES;
				GCC_C_LANGUAGE_STANDARD = gnu17;
				GCC_DYNAMIC_NO_PIC = NO;
				GCC_NO_COMMON_BLOCKS = YES;
				GCC_OPTIMIZATION_LEVEL = 0;
				GCC_PREPROCESSOR_DEFINITIONS = (
					"DEBUG=1",
					"$(inherited)",
				);
				GCC_WARN_64_TO_32_BIT_CONVERSION = YES;
				GCC_WARN_ABOUT_RETURN_TYPE = YES_ERROR;
				GCC_WARN_UNDECLARED_SELECTOR = YES;
				GCC_WARN_UNINITIALIZED_AUTOS = YES_AGGRESSIVE;
				GCC_WARN_UNUSED_FUNCTION = YES;
				GCC_WARN_UNUSED_VARIABLE = YES;
				IPHONEOS_DEPLOYMENT_TARGET = 18.2;
				LOCALIZATION_PREFERS_STRING_CATALOGS = YES;
				MTL_ENABLE_DEBUG_INFO = INCLUDE_SOURCE;
				MTL_FAST_MATH = YES;
				ONLY_ACTIVE_ARCH = YES;
				SDKROOT = iphoneos;
				SWIFT_ACTIVE_COMPILATION_CONDITIONS = "DEBUG $(inherited)";
				SWIFT_OPTIMIZATION_LEVEL = "-Onone";
			};
			name = Debug;
		};
		3D44CC762EB047BA00D5BA4B /* Release */ = {
			isa = XCBuildConfiguration;
			buildSettings = {
				ALWAYS_SEARCH_USER_PATHS = NO;
				ASSETCATALOG_COMPILER_GENERATE_SWIFT_ASSET_SYMBOL_EXTENSIONS = YES;
				CLANG_ANALYZER_NONNULL = YES;
				CLANG_ANALYZER_NUMBER_OBJECT_CONVERSION = YES_AGGRESSIVE;
				CLANG_CXX_LANGUAGE_STANDARD = "gnu++20";
				CLANG_ENABLE_MODULES = YES;
				CLANG_ENABLE_OBJC_ARC = YES;
				CLANG_ENABLE_OBJC_WEAK = YES;
				CLANG_WARN_BLOCK_CAPTURE_AUTORELEASING = YES;
				CLANG_WARN_BOOL_CONVERSION = YES;
				CLANG_WARN_COMMA = YES;
				CLANG_WARN_CONSTANT_CONVERSION = YES;
				CLANG_WARN_DEPRECATED_OBJC_IMPLEMENTATIONS = YES;
				CLANG_WARN_DIRECT_OBJC_ISA_USAGE = YES_ERROR;
				CLANG_WARN_DOCUMENTATION_COMMENTS = YES;
				CLANG_WARN_EMPTY_BODY = YES;
				CLANG_WARN_ENUM_CONVERSION = YES;
				CLANG_WARN_INFINITE_RECURSION = YES;
				CLANG_WARN_INT_CONVERSION = YES;
				CLANG_WARN_NON_LITERAL_NULL_CONVERSION = YES;
				CLANG_WARN_OBJC_IMPLICIT_RETAIN_SELF = YES;
				CLANG_WARN_OBJC_LITERAL_CONVERSION = YES;
				CLANG_WARN_OBJC_ROOT_CLASS = YES_ERROR;
				CLANG_WARN_QUOTED_INCLUDE_IN_FRAMEWORK_HEADER = YES;
				CLANG_WARN_RANGE_LOOP_ANALYSIS = YES;
				CLANG_WARN_STRICT_PROTOTYPES = YES;
				CLANG_WARN_SUSPICIOUS_MOVE = YES;
				CLANG_WARN_UNGUARDED_AVAILABILITY = YES_AGGRESSIVE;
				CLANG_WARN_UNREACHABLE_CODE = YES;
				CLANG_WARN__DUPLICATE_METHOD_MATCH = YES;
				COPY_PHASE_STRIP = NO;
				DEBUG_INFORMATION_FORMAT = "dwarf-with-dsym";
				ENABLE_NS_ASSERTIONS = NO;
				ENABLE_STRICT_OBJC_MSGSEND = YES;
				ENABLE_USER_SCRIPT_SANDBOXING = YES;
				GCC_C_LANGUAGE_STANDARD = gnu17;
				GCC_NO_COMMON_BLOCKS = YES;
				GCC_WARN_64_TO_32_BIT_CONVERSION = YES;
				GCC_WARN_ABOUT_RETURN_TYPE = YES_ERROR;
				GCC_WARN_UNDECLARED_SELECTOR = YES;
				GCC_WARN_UNINITIALIZED_AUTOS = YES_AGGRESSIVE;
				GCC_WARN_UNUSED_FUNCTION = YES;
				GCC_WARN_UNUSED_VARIABLE = YES;
				IPHONEOS_DEPLOYMENT_TARGET = 18.2;
				LOCALIZATION_PREFERS_STRING_CATALOGS = YES;
				MTL_ENABLE_DEBUG_INFO = NO;
				MTL_FAST_MATH = YES;
				SDKROOT = iphoneos;
				SWIFT_COMPILATION_MODE = wholemodule;
				VALIDATE_PRODUCT = YES;
			};
			name = Release;
		};
		3D44CC782EB047BA00D5BA4B /* Debug */ = {
			isa = XCBuildConfiguration;
			buildSettings = {
				ASSETCATALOG_COMPILER_APPICON_NAME = AppIcon;
				ASSETCATALOG_COMPILER_GLOBAL_ACCENT_COLOR_NAME = AccentColor;
				CODE_SIGN_STYLE = Automatic;
				CURRENT_PROJECT_VERSION = 1;
				DEVELOPMENT_ASSET_PATHS = "\"Snap/Preview Content\"";
				DEVELOPMENT_TEAM = 23ULXV7A5W;
				ENABLE_PREVIEWS = YES;
				GENERATE_INFOPLIST_FILE = YES;
				INFOPLIST_KEY_UIApplicationSceneManifest_Generation = YES;
				INFOPLIST_KEY_UIApplicationSupportsIndirectInputEvents = YES;
				INFOPLIST_KEY_UILaunchScreen_Generation = YES;
				INFOPLIST_KEY_UISupportedInterfaceOrientations_iPad = "UIInterfaceOrientationPortrait UIInterfaceOrientationPortraitUpsideDown UIInterfaceOrientationLandscapeLeft UIInterfaceOrientationLandscapeRight";
				INFOPLIST_KEY_UISupportedInterfaceOrientations_iPhone = "UIInterfaceOrientationPortrait UIInterfaceOrientationLandscapeLeft UIInterfaceOrientationLandscapeRight";
				LD_RUNPATH_SEARCH_PATHS = (
					"$(inherited)",
					"@executable_path/Frameworks",
				);
				MARKETING_VERSION = 1.0;
				PRODUCT_BUNDLE_IDENTIFIER = com.ciracino88.Snap;
				PRODUCT_NAME = "$(TARGET_NAME)";
				SWIFT_EMIT_LOC_STRINGS = YES;
				SWIFT_VERSION = 5.0;
				TARGETED_DEVICE_FAMILY = "1,2";
			};
			name = Debug;
		};
		3D44CC792EB047BA00D5BA4B /* Release */ = {
			isa = XCBuildConfiguration;
			buildSettings = {
				ASSETCATALOG_COMPILER_APPICON_NAME = AppIcon;
				ASSETCATALOG_COMPILER_GLOBAL_ACCENT_COLOR_NAME = AccentColor;
				CODE_SIGN_STYLE = Automatic;
				CURRENT_PROJECT_VERSION = 1;
				DEVELOPMENT_ASSET_PATHS = "\"Snap/Preview Content\"";
				DEVELOPMENT_TEAM = 23ULXV7A5W;
				ENABLE_PREVIEWS = YES;
				GENERATE_INFOPLIST_FILE = YES;
				INFOPLIST_KEY_UIApplicationSceneManifest_Generation = YES;
				INFOPLIST_KEY_UIApplicationSupportsIndirectInputEvents = YES;
				INFOPLIST_KEY_UILaunchScreen_Generation = YES;
				INFOPLIST_KEY_UISupportedInterfaceOrientations_iPad = "UIInterfaceOrientationPortrait UIInterfaceOrientationPortraitUpsideDown UIInterfaceOrientationLandscapeLeft UIInterfaceOrientationLandscapeRight";
				INFOPLIST_KEY_UISupportedInterfaceOrientations_iPhone = "UIInterfaceOrientationPortrait UIInterfaceOrientationLandscapeLeft UIInterfaceOrientationLandscapeRight";
				LD_RUNPATH_SEARCH_PATHS = (
					"$(inherited)",
					"@executable_path/Frameworks",
				);
				MARKETING_VERSION = 1.0;
				PRODUCT_BUNDLE_IDENTIFIER = com.ciracino88.Snap;
				PRODUCT_NAME = "$(TARGET_NAME)";
				SWIFT_EMIT_LOC_STRINGS = YES;
				SWIFT_VERSION = 5.0;
				TARGETED_DEVICE_FAMILY = "1,2";
			};
			name = Release;
		};
		3D44CC7B2EB047BA00D5BA4B /* Debug */ = {
			isa = XCBuildConfiguration;
			buildSettings = {
				BUNDLE_LOADER = "$(TEST_HOST)";
				CODE_SIGN_STYLE = Automatic;
				CURRENT_PROJECT_VERSION = 1;
				DEVELOPMENT_TEAM = 23ULXV7A5W;
				GENERATE_INFOPLIST_FILE = YES;
				IPHONEOS_DEPLOYMENT_TARGET = 18.2;
				MARKETING_VERSION = 1.0;
				PRODUCT_BUNDLE_IDENTIFIER = com.ciracino88.SnapTests;
				PRODUCT_NAME = "$(TARGET_NAME)";
				SWIFT_EMIT_LOC_STRINGS = NO;
				SWIFT_VERSION = 5.0;
				TARGETED_DEVICE_FAMILY = "1,2";
				TEST_HOST = "$(BUILT_PRODUCTS_DIR)/Snap.app/$(BUNDLE_EXECUTABLE_FOLDER_PATH)/Snap";
			};
			name = Debug;
		};
		3D44CC7C2EB047BA00D5BA4B /* Release */ = {
			isa = XCBuildConfiguration;
			buildSettings = {
				BUNDLE_LOADER = "$(TEST_HOST)";
				CODE_SIGN_STYLE = Automatic;
				CURRENT_PROJECT_VERSION = 1;
				DEVELOPMENT_TEAM = 23ULXV7A5W;
				GENERATE_INFOPLIST_FILE = YES;
				IPHONEOS_DEPLOYMENT_TARGET = 18.2;
				MARKETING_VERSION = 1.0;
				PRODUCT_BUNDLE_IDENTIFIER = com.ciracino88.SnapTests;
				PRODUCT_NAME = "$(TARGET_NAME)";
				SWIFT_EMIT_LOC_STRINGS = NO;
				SWIFT_VERSION = 5.0;
				TARGETED_DEVICE_FAMILY = "1,2";
				TEST_HOST = "$(BUILT_PRODUCTS_DIR)/Snap.app/$(BUNDLE_EXECUTABLE_FOLDER_PATH)/Snap";
			};
			name = Release;
		};
		3D44CC7E2EB047BA00D5BA4B /* Debug */ = {
			isa = XCBuildConfiguration;
			buildSettings = {
				CODE_SIGN_STYLE = Automatic;
				CURRENT_PROJECT_VERSION = 1;
				DEVELOPMENT_TEAM = 23ULXV7A5W;
				GENERATE_INFOPLIST_FILE = YES;
				MARKETING_VERSION = 1.0;
				PRODUCT_BUNDLE_IDENTIFIER = com.ciracino88.SnapUITests;
				PRODUCT_NAME = "$(TARGET_NAME)";
				SWIFT_EMIT_LOC_STRINGS = NO;
				SWIFT_VERSION = 5.0;
				TARGETED_DEVICE_FAMILY = "1,2";
				TEST_TARGET_NAME = Snap;
			};
			name = Debug;
		};
		3D44CC7F2EB047BA00D5BA4B /* Release */ = {
			isa = XCBuildConfiguration;
			buildSettings = {
				CODE_SIGN_STYLE = Automatic;
				CURRENT_PROJECT_VERSION = 1;
				DEVELOPMENT_TEAM = 23ULXV7A5W;
				GENERATE_INFOPLIST_FILE = YES;
				MARKETING_VERSION = 1.0;
				PRODUCT_BUNDLE_IDENTIFIER = com.ciracino88.SnapUITests;
				PRODUCT_NAME = "$(TARGET_NAME)";
				SWIFT_EMIT_LOC_STRINGS = NO;
				SWIFT_VERSION = 5.0;
				TARGETED_DEVICE_FAMILY = "1,2";
				TEST_TARGET_NAME = Snap;
			};
			name = Release;
		};
/* End XCBuildConfiguration section */

/* Begin XCConfigurationList section */
		3D44CC4C2EB047B900D5BA4B /* Build configuration list for PBXProject "Snap" */ = {
			isa = XCConfigurationList;
			buildConfigurations = (
				3D44CC752EB047BA00D5BA4B /* Debug */,
				3D44CC762EB047BA00D5BA4B /* Release */,
			);
			defaultConfigurationIsVisible = 0;
			defaultConfigurationName = Release;
		};
		3D44CC772EB047BA00D5BA4B /* Build configuration list for PBXNativeTarget "Snap" */ = {
			isa = XCConfigurationList;
			buildConfigurations = (
				3D44CC782EB047BA00D5BA4B /* Debug */,
				3D44CC792EB047BA00D5BA4B /* Release */,
			);
			defaultConfigurationIsVisible = 0;
			defaultConfigurationName = Release;
		};
		3D44CC7A2EB047BA00D5BA4B /* Build configuration list for PBXNativeTarget "SnapTests" */ = {
			isa = XCConfigurationList;
			buildConfigurations = (
				3D44CC7B2EB047BA00D5BA4B /* Debug */,
				3D44CC7C2EB047BA00D5BA4B /* Release */,
			);
			defaultConfigurationIsVisible = 0;
			defaultConfigurationName = Release;
		};
		3D44CC7D2EB047BA00D5BA4B /* Build configuration list for PBXNativeTarget "SnapUITests" */ = {
			isa = XCConfigurationList;
			buildConfigurations = (
				3D44CC7E2EB047BA00D5BA4B /* Debug */,
				3D44CC7F2EB047BA00D5BA4B /* Release */,
			);
			defaultConfigurationIsVisible = 0;
			defaultConfigurationName = Release;
		};
/* End XCConfigurationList section */

/* Begin XCRemoteSwiftPackageReference section */
		3D44CCAA2EB048D300D5BA4B /* XCRemoteSwiftPackageReference "firebase-ios-sdk" */ = {
			isa = XCRemoteSwiftPackageReference;
			repositoryURL = "https://github.com/firebase/firebase-ios-sdk.git";
			requirement = {
				kind = upToNextMajorVersion;
				minimumVersion = 12.4.0;
			};
		};
/* End XCRemoteSwiftPackageReference section */

/* Begin XCSwiftPackageProductDependency section */
		3D44CCAB2EB048D300D5BA4B /* FirebaseAuth */ = {
			isa = XCSwiftPackageProductDependency;
			package = 3D44CCAA2EB048D300D5BA4B /* XCRemoteSwiftPackageReference "firebase-ios-sdk" */;
			productName = FirebaseAuth;
		};
		3D44CCAD2EB048D300D5BA4B /* FirebaseDatabase */ = {
			isa = XCSwiftPackageProductDependency;
			package = 3D44CCAA2EB048D300D5BA4B /* XCRemoteSwiftPackageReference "firebase-ios-sdk" */;
			productName = FirebaseDatabase;
		};
		3D44CCAF2EB048D300D5BA4B /* FirebaseFirestore */ = {
			isa = XCSwiftPackageProductDependency;
			package = 3D44CCAA2EB048D300D5BA4B /* XCRemoteSwiftPackageReference "firebase-ios-sdk" */;
			productName = FirebaseFirestore;
		};
		3D44CCB12EB048D300D5BA4B /* FirebaseStorage */ = {
			isa = XCSwiftPackageProductDependency;
			package = 3D44CCAA2EB048D300D5BA4B /* XCRemoteSwiftPackageReference "firebase-ios-sdk" */;
			productName = FirebaseStorage;
		};
/* End XCSwiftPackageProductDependency section */
	};
	rootObject = 3D44CC492EB047B900D5BA4B /* Project object */;
}
